version = 1
revision = 3
requires-python = ">=3.12"

[[package]]
name = "client"
version = "0.1.0"
source = { editable = "." }

[package.dev-dependencies]
dev = [
    { name = "nuitka" },
]

[package.metadata]

[package.metadata.requires-dev]
dev = [{ name = "nuitka", specifier = ">=4.1" }]

[[package]]
name = "nuitka"
version = "4.1"
source = { registry = "https://mirrors.tuna.tsinghua.edu.cn/pypi/web/simple/" }
sdist = { url = "https://mirrors.tuna.tsinghua.edu.cn/pypi/web/packages/53/db/b7a344ad688cd6d8547746869f904b105674ff529a24fa5a3d7bdd95560a/nuitka-4.1.tar.gz", hash = "sha256:99092d26f5f8d5264186924451f7df5872bf6a922297062ace2798ecec7cfa0f", size = 4543258, upload-time = "2026-05-11T07:16:35.483Z" }
