version = 1
revision = 3
requires-python = ">=3.12"

[[package]]
name = "client"
version = "0.1.0"
source = { virtual = "." }
dependencies = [
    { name = "thrift" },
]

[package.dev-dependencies]
dev = [
    { name = "nuitka" },
]

[package.metadata]
requires-dist = [{ name = "thrift", specifier = ">=0.23.0" }]

[package.metadata.requires-dev]
dev = [{ name = "nuitka", specifier = ">=4.1" }]

[[package]]
name = "nuitka"
version = "4.1"
source = { registry = "https://mirrors.tuna.tsinghua.edu.cn/pypi/web/simple/" }
sdist = { url = "https://mirrors.tuna.tsinghua.edu.cn/pypi/web/packages/53/db/b7a344ad688cd6d8547746869f904b105674ff529a24fa5a3d7bdd95560a/nuitka-4.1.tar.gz", hash = "sha256:99092d26f5f8d5264186924451f7df5872bf6a922297062ace2798ecec7cfa0f", size = 4543258, upload-time = "2026-05-11T07:16:35.483Z" }

[[package]]
name = "thrift"
version = "0.23.0"
source = { registry = "https://mirrors.tuna.tsinghua.edu.cn/pypi/web/simple/" }
sdist = { url = "https://mirrors.tuna.tsinghua.edu.cn/pypi/web/packages/d2/fd/6766a2a1a2532dbcb0fa8e31fd9a22de78b7338c7a07b5e5a6ef4e8913f1/thrift-0.23.0.tar.gz", hash = "sha256:5f43448a92c36ed6a450048355d10e231a1787e4c28965f08fabac0eb978914c", size = 66440, upload-time = "2026-05-14T08:35:49.196Z" }
